// !$*UTF8*$!
{
	archiveVersion = 1;
	classes = {
	};
	objectVersion = 50;
	objects = {

/* Begin PBXBuildFile section */
		8ADACB03230081240066AB89 /* AppDelegate.swift in Sources */ = {isa = PBXBuildFile; fileRef = 8ADACB02230081240066AB89 /* AppDelegate.swift */; };
		8ADACB08230081240066AB89 /* Main.storyboard in Resources */ = {isa = PBXBuildFile; fileRef = 8ADACB06230081240066AB89 /* Main.storyboard */; };
		8ADACB0A230081260066AB89 /* Assets.xcassets in Resources */ = {isa = PBXBuildFile; fileRef = 8ADACB09230081260066AB89 /* Assets.xcassets */; };
		8ADACB0D230081260066AB89 /* LaunchScreen.storyboard in Resources */ = {isa = PBXBuildFile; fileRef = 8ADACB0B230081260066AB89 /* LaunchScreen.storyboard */; };
		8ADACB152300835C0066AB89 /* FirstTaskTableViewController.swift in Sources */ = {isa = PBXBuildFile; fileRef = 8ADACB142300835C0066AB89 /* FirstTaskTableViewController.swift */; };
		8ADACB19230086990066AB89 /* Person.swift in Sources */ = {isa = PBXBuildFile; fileRef = 8ADACB18230086990066AB89 /* Person.swift */; };
		8ADACB1B2300B3CD0066AB89 /* DetailViewController.swift in Sources */ = {isa = PBXBuildFile; fileRef = 8ADACB1A2300B3CD0066AB89 /* DetailViewController.swift */; };
		8ADACB1F2300BF510066AB89 /* SecondTaskTableViewController.swift in Sources */ = {isa = PBXBuildFile; fileRef = 8ADACB1E2300BF510066AB89 /* SecondTaskTableViewController.swift */; };
/* End PBXBuildFile section */

/* Begin PBXFileReference section */
		8ADACAFF230081240066AB89 /* RandomContactList.app */ = {isa = PBXFileReference; explicitFileType = wrapper.application; includeInIndex = 0; path = RandomContactList.app; sourceTree = BUILT_PRODUCTS_DIR; };
		8ADACB02230081240066AB89 /* AppDelegate.swift */ = {isa = PBXFileReference; lastKnownFileType = sourcecode.swift; path = AppDelegate.swift; sourceTree = "<group>"; };
		8ADACB07230081240066AB89 /* Base */ = {isa = PBXFileReference; lastKnownFileType = file.storyboard; name = Base; path = Base.lproj/Main.storyboard; sourceTree = "<group>"; };
		8ADACB09230081260066AB89 /* Assets.xcassets */ = {isa = PBXFileReference; lastKnownFileType = folder.assetcatalog; path = Assets.xcassets; sourceTree = "<group>"; };
		8ADACB0C230081260066AB89 /* Base */ = {isa = PBXFileReference; lastKnownFileType = file.storyboard; name = Base; path = Base.lproj/LaunchScreen.storyboard; sourceTree = "<group>"; };
		8ADACB0E230081260066AB89 /* Info.plist */ = {isa = PBXFileReference; lastKnownFileType = text.plist.xml; path = Info.plist; sourceTree = "<group>"; };
		8ADACB142300835C0066AB89 /* FirstTaskTableViewController.swift */ = {isa = PBXFileReference; lastKnownFileType = sourcecode.swift; path = FirstTaskTableViewController.swift; sourceTree = "<group>"; };
		8ADACB18230086990066AB89 /* Person.swift */ = {isa = PBXFileReference; lastKnownFileType = sourcecode.swift; path = Person.swift; sourceTree = "<group>"; };
		8ADACB1A2300B3CD0066AB89 /* DetailViewController.swift */ = {isa = PBXFileReference; lastKnownFileType = sourcecode.swift; path = DetailViewController.swift; sourceTree = "<group>"; };
		8ADACB1E2300BF510066AB89 /* SecondTaskTableViewController.swift */ = {isa = PBXFileReference; lastKnownFileType = sourcecode.swift; path = SecondTaskTableViewController.swift; sourceTree = "<group>"; };
/* End PBXFileReference section */

/* Begin PBXFrameworksBuildPhase section */
		8ADACAFC230081240066AB89 /* Frameworks */ = {
			isa = PBXFrameworksBuildPhase;
			buildActionMask = 2147483647;
			files = (
			);
			runOnlyForDeploymentPostprocessing = 0;
		};
/* End PBXFrameworksBuildPhase section */

/* Begin PBXGroup section */
		8ADACAF6230081240066AB89 = {
			isa = PBXGroup;
			children = (
				8ADACB01230081240066AB89 /* RandomContactList */,
				8ADACB00230081240066AB89 /* Products */,
			);
			sourceTree = "<group>";
		};
		8ADACB00230081240066AB89 /* Products */ = {
			isa = PBXGroup;
			children = (
				8ADACAFF230081240066AB89 /* RandomContactList.app */,
			);
			name = Products;
			sourceTree = "<group>";
		};
		8ADACB01230081240066AB89 /* RandomContactList */ = {
			isa = PBXGroup;
			children = (
				8ADACB02230081240066AB89 /* AppDelegate.swift */,
				8ADACB18230086990066AB89 /* Person.swift */,
				8ADACB142300835C0066AB89 /* FirstTaskTableViewController.swift */,
				8ADACB1A2300B3CD0066AB89 /* DetailViewController.swift */,
				8ADACB1E2300BF510066AB89 /* SecondTaskTableViewController.swift */,
				8ADACB06230081240066AB89 /* Main.storyboard */,
				8ADACB09230081260066AB89 /* Assets.xcassets */,
				8ADACB0B230081260066AB89 /* LaunchScreen.storyboard */,
				8ADACB0E230081260066AB89 /* Info.plist */,
			);
			path = RandomContactList;
			sourceTree = "<group>";
		};
/* End PBXGroup section */

/* Begin PBXNativeTarget section */
		8ADACAFE230081240066AB89 /* RandomContactList */ = {
			isa = PBXNativeTarget;
			buildConfigurationList = 8ADACB11230081260066AB89 /* Build configuration list for PBXNativeTarget "RandomContactList" */;
			buildPhases = (
				8ADACAFB230081240066AB89 /* Sources */,
				8ADACAFC230081240066AB89 /* Frameworks */,
				8ADACAFD230081240066AB89 /* Resources */,
			);
			buildRules = (
			);
			dependencies = (
			);
			name = RandomContactList;
			productName = RandomContactList;
			productReference = 8ADACAFF230081240066AB89 /* RandomContactList.app */;
			productType = "com.apple.product-type.application";
		};
/* End PBXNativeTarget section */

/* Begin PBXProject section */
		8ADACAF7230081240066AB89 /* Project object */ = {
			isa = PBXProject;
			attributes = {
				LastSwiftUpdateCheck = 1030;
				LastUpgradeCheck = 1030;
				ORGANIZATIONNAME = "Sergey Novoselov";
				TargetAttributes = {
					8ADACAFE230081240066AB89 = {
						CreatedOnToolsVersion = 10.3;
					};
				};
			};
			buildConfigurationList = 8ADACAFA230081240066AB89 /* Build configuration list for PBXProject "RandomContactList" */;
			compatibilityVersion = "Xcode 9.3";
			developmentRegion = en;
			hasScannedForEncodings = 0;
			knownRegions = (
				en,
				Base,
			);
			mainGroup = 8ADACAF6230081240066AB89;
			productRefGroup = 8ADACB00230081240066AB89 /* Products */;
			projectDirPath = "";
			projectRoot = "";
			targets = (
				8ADACAFE230081240066AB89 /* RandomContactList */,
			);
		};
/* End PBXProject section */

/* Begin PBXResourcesBuildPhase section */
		8ADACAFD230081240066AB89 /* Resources */ = {
			isa = PBXResourcesBuildPhase;
			buildActionMask = 2147483647;
			files = (
				8ADACB0D230081260066AB89 /* LaunchScreen.storyboard in Resources */,
				8ADACB0A230081260066AB89 /* Assets.xcassets in Resources */,
				8ADACB08230081240066AB89 /* Main.storyboard in Resources */,
			);
			runOnlyForDeploymentPostprocessing = 0;
		};
/* End PBXResourcesBuildPhase section */

/* Begin PBXSourcesBuildPhase section */
		8ADACAFB230081240066AB89 /* Sources */ = {
			isa = PBXSourcesBuildPhase;
			buildActionMask = 2147483647;
			files = (
				8ADACB19230086990066AB89 /* Person.swift in Sources */,
				8ADACB03230081240066AB89 /* AppDelegate.swift in Sources */,
				8ADACB1F2300BF510066AB89 /* SecondTaskTableViewController.swift in Sources */,
				8ADACB1B2300B3CD0066AB89 /* DetailViewController.swift in Sources */,
				8ADACB152300835C0066AB89 /* FirstTaskTableViewController.swift in Sources */,
			);
			runOnlyForDeploymentPostprocessing = 0;
		};
/* End PBXSourcesBuildPhase section */

/* Begin PBXVariantGroup section */
		8ADACB06230081240066AB89 /* Main.storyboard */ = {
			isa = PBXVariantGroup;
			children = (
				8ADACB07230081240066AB89 /* Base */,
			);
			name = Main.storyboard;
			sourceTree = "<group>";
		};
		8ADACB0B230081260066AB89 /* LaunchScreen.storyboard */ = {
			isa = PBXVariantGroup;
			children = (
				8ADACB0C230081260066AB89 /* Base */,
			);
			name = LaunchScreen.storyboard;
			sourceTree = "<group>";
		};
/* End PBXVariantGroup section */

/* Begin XCBuildConfiguration section */
		8ADACB0F230081260066AB89 /* Debug */ = {
			isa = XCBuildConfiguration;
			buildSettings = {
				ALWAYS_SEARCH_USER_PATHS = NO;
				CLANG_ANALYZER_NONNULL = YES;
				CLANG_ANALYZER_NUMBER_OBJECT_CONVERSION = YES_AGGRESSIVE;
				CLANG_CXX_LANGUAGE_STANDARD = "gnu++14";
				CLANG_CXX_LIBRARY = "libc++";
				CLANG_ENABLE_MODULES = YES;
				CLANG_ENABLE_OBJC_ARC = YES;
				CLANG_ENABLE_OBJC_WEAK = YES;
				CLANG_WARN_BLOCK_CAPTURE_AUTORELEASING = YES;
				CLANG_WARN_BOOL_CONVERSION = YES;
				CLANG_WARN_COMMA = YES;
				CLANG_WARN_CONSTANT_CONVERSION = YES;
				CLANG_WARN_DEPRECATED_OBJC_IMPLEMENTATIONS = YES;
				CLANG_WARN_DIRECT_OBJC_ISA_USAGE = YES_ERROR;
				CLANG_WARN_DOCUMENTATION_COMMENTS = YES;
				CLANG_WARN_EMPTY_BODY = YES;
				CLANG_WARN_ENUM_CONVERSION = YES;
				CLANG_WARN_INFINITE_RECURSION = YES;
				CLANG_WARN_INT_CONVERSION = YES;
				CLANG_WARN_NON_LITERAL_NULL_CONVERSION = YES;
				CLANG_WARN_OBJC_IMPLICIT_RETAIN_SELF = YES;
				CLANG_WARN_OBJC_LITERAL_CONVERSION = YES;
				CLANG_WARN_OBJC_ROOT_CLASS = YES_ERROR;
				CLANG_WARN_RANGE_LOOP_ANALYSIS = YES;
				CLANG_WARN_STRICT_PROTOTYPES = YES;
				CLANG_WARN_SUSPICIOUS_MOVE = YES;
				CLANG_WARN_UNGUARDED_AVAILABILITY = YES_AGGRESSIVE;
				CLANG_WARN_UNREACHABLE_CODE = YES;
				CLANG_WARN__DUPLICATE_METHOD_MATCH = YES;
				CODE_SIGN_IDENTITY = "iPhone Developer";
				COPY_PHASE_STRIP = NO;
				DEBUG_INFORMATION_FORMAT = dwarf;
				ENABLE_STRICT_OBJC_MSGSEND = YES;
				ENABLE_TESTABILITY = YES;
				GCC_C_LANGUAGE_STANDARD = gnu11;
				GCC_DYNAMIC_NO_PIC = NO;
				GCC_NO_COMMON_BLOCKS = YES;
				GCC_OPTIMIZATION_LEVEL = 0;
				GCC_PREPROCESSOR_DEFINITIONS = (
					"DEBUG=1",
					"$(inherited)",
				);
				GCC_WARN_64_TO_32_BIT_CONVERSION = YES;
				GCC_WARN_ABOUT_RETURN_TYPE = YES_ERROR;
				GCC_WARN_UNDECLARED_SELECTOR = YES;
				GCC_WARN_UNINITIALIZED_AUTOS = YES_AGGRESSIVE;
				GCC_WARN_UNUSED_FUNCTION = YES;
				GCC_WARN_UNUSED_VARIABLE = YES;
				IPHONEOS_DEPLOYMENT_TARGET = 12.4;
				MTL_ENABLE_DEBUG_INFO = INCLUDE_SOURCE;
				MTL_FAST_MATH = YES;
				ONLY_ACTIVE_ARCH = YES;
				SDKROOT = iphoneos;
				SWIFT_ACTIVE_COMPILATION_CONDITIONS = DEBUG;
				SWIFT_OPTIMIZATION_LEVEL = "-Onone";
			};
			name = Debug;
		};
		8ADACB10230081260066AB89 /* Release */ = {
			isa = XCBuildConfiguration;
			buildSettings = {
				ALWAYS_SEARCH_USER_PATHS = NO;
				CLANG_ANALYZER_NONNULL = YES;
				CLANG_ANALYZER_NUMBER_OBJECT_CONVERSION = YES_AGGRESSIVE;
				CLANG_CXX_LANGUAGE_STANDARD = "gnu++14";
				CLANG_CXX_LIBRARY = "libc++";
				CLANG_ENABLE_MODULES = YES;
				CLANG_ENABLE_OBJC_ARC = YES;
				CLANG_ENABLE_OBJC_WEAK = YES;
				CLANG_WARN_BLOCK_CAPTURE_AUTORELEASING = YES;
				CLANG_WARN_BOOL_CONVERSION = YES;
				CLANG_WARN_COMMA = YES;
				CLANG_WARN_CONSTANT_CONVERSION = YES;
				CLANG_WARN_DEPRECATED_OBJC_IMPLEMENTATIONS = YES;
				CLANG_WARN_DIRECT_OBJC_ISA_USAGE = YES_ERROR;
				CLANG_WARN_DOCUMENTATION_COMMENTS = YES;
				CLANG_WARN_EMPTY_BODY = YES;
				CLANG_WARN_ENUM_CONVERSION = YES;
				CLANG_WARN_INFINITE_RECURSION = YES;
				CLANG_WARN_INT_CONVERSION = YES;
				CLANG_WARN_NON_LITERAL_NULL_CONVERSION = YES;
				CLANG_WARN_OBJC_IMPLICIT_RETAIN_SELF = YES;
				CLANG_WARN_OBJC_LITERAL_CONVERSION = YES;
				CLANG_WARN_OBJC_ROOT_CLASS = YES_ERROR;
				CLANG_WARN_RANGE_LOOP_ANALYSIS = YES;
				CLANG_WARN_STRICT_PROTOTYPES = YES;
				CLANG_WARN_SUSPICIOUS_MOVE = YES;
				CLANG_WARN_UNGUARDED_AVAILABILITY = YES_AGGRESSIVE;
				CLANG_WARN_UNREACHABLE_CODE = YES;
				CLANG_WARN__DUPLICATE_METHOD_MATCH = YES;
				CODE_SIGN_IDENTITY = "iPhone Developer";
				COPY_PHASE_STRIP = NO;
				DEBUG_INFORMATION_FORMAT = "dwarf-with-dsym";
				ENABLE_NS_ASSERTIONS = NO;
				ENABLE_STRICT_OBJC_MSGSEND = YES;
				GCC_C_LANGUAGE_STANDARD = gnu11;
				GCC_NO_COMMON_BLOCKS = YES;
				GCC_WARN_64_TO_32_BIT_CONVERSION = YES;
				GCC_WARN_ABOUT_RETURN_TYPE = YES_ERROR;
				GCC_WARN_UNDECLARED_SELECTOR = YES;
				GCC_WARN_UNINITIALIZED_AUTOS = YES_AGGRESSIVE;
				GCC_WARN_UNUSED_FUNCTION = YES;
				GCC_WARN_UNUSED_VARIABLE = YES;
				IPHONEOS_DEPLOYMENT_TARGET = 12.4;
				MTL_ENABLE_DEBUG_INFO = NO;
				MTL_FAST_MATH = YES;
				SDKROOT = iphoneos;
				SWIFT_COMPILATION_MODE = wholemodule;
				SWIFT_OPTIMIZATION_LEVEL = "-O";
				VALIDATE_PRODUCT = YES;
			};
			name = Release;
		};
		8ADACB12230081260066AB89 /* Debug */ = {
			isa = XCBuildConfiguration;
			buildSettings = {
				ASSETCATALOG_COMPILER_APPICON_NAME = AppIcon;
				CODE_SIGN_STYLE = Automatic;
				DEVELOPMENT_TEAM = XFZ44YY786;
				INFOPLIST_FILE = RandomContactList/Info.plist;
				LD_RUNPATH_SEARCH_PATHS = (
					"$(inherited)",
					"@executable_path/Frameworks",
				);
				PRODUCT_BUNDLE_IDENTIFIER = NSM.RandomContactList;
				PRODUCT_NAME = "$(TARGET_NAME)";
				SWIFT_VERSION = 5.0;
				TARGETED_DEVICE_FAMILY = "1,2";
			};
			name = Debug;
		};
		8ADACB13230081260066AB89 /* Release */ = {
			isa = XCBuildConfiguration;
			buildSettings = {
				ASSETCATALOG_COMPILER_APPICON_NAME = AppIcon;
				CODE_SIGN_STYLE = Automatic;
				DEVELOPMENT_TEAM = XFZ44YY786;
				INFOPLIST_FILE = RandomContactList/Info.plist;
				LD_RUNPATH_SEARCH_PATHS = (
					"$(inherited)",
					"@executable_path/Frameworks",
				);
				PRODUCT_BUNDLE_IDENTIFIER = NSM.RandomContactList;
				PRODUCT_NAME = "$(TARGET_NAME)";
				SWIFT_VERSION = 5.0;
				TARGETED_DEVICE_FAMILY = "1,2";
			};
			name = Release;
		};
/* End XCBuildConfiguration section */

/* Begin XCConfigurationList section */
		8ADACAFA230081240066AB89 /* Build configuration list for PBXProject "RandomContactList" */ = {
			isa = XCConfigurationList;
			buildConfigurations = (
				8ADACB0F230081260066AB89 /* Debug */,
				8ADACB10230081260066AB89 /* Release */,
			);
			defaultConfigurationIsVisible = 0;
			defaultConfigurationName = Release;
		};
		8ADACB11230081260066AB89 /* Build configuration list for PBXNativeTarget "RandomContactList" */ = {
			isa = XCConfigurationList;
			buildConfigurations = (
				8ADACB12230081260066AB89 /* Debug */,
				8ADACB13230081260066AB89 /* Release */,
			);
			defaultConfigurationIsVisible = 0;
			defaultConfigurationName = Release;
		};
/* End XCConfigurationList section */
	};
	rootObject = 8ADACAF7230081240066AB89 /* Project object */;
}
